
Microsoft Visual Studio Solution File, Format Version 12.00
# Visual Studio Version 17
VisualStudioVersion = 17.2.32317.152
MinimumVisualStudioVersion = 10.0.40219.1
Project("{FAE04EC0-301F-11D3-BF4B-00C04F79EFBC}") = "stmple webbrowse 1", "stmple webbrowse 1.csproj", "{6E2BEBD5-CE21-4AF6-B8D3-BEF7490CADDD}"
EndProject
Global
	GlobalSection(SolutionConfigurationPlatforms) = preSolution
		Debug|Any CPU = Debug|Any CPU
		Release|Any CPU = Release|Any CPU
	EndGlobalSection
	GlobalSection(ProjectConfigurationPlatforms) = postSolution
		{6E2BEBD5-CE21-4AF6-B8D3-BEF7490CADDD}.Debug|Any CPU.ActiveCfg = Debug|Any CPU
		{6E2BEBD5-CE21-4AF6-B8D3-BEF7490CADDD}.Debug|Any CPU.Build.0 = Debug|Any CPU
		{6E2BEBD5-CE21-4AF6-B8D3-BEF7490CADDD}.Release|Any CPU.ActiveCfg = Release|Any CPU
		{6E2BEBD5-CE21-4AF6-B8D3-BEF7490CADDD}.Release|Any CPU.Build.0 = Release|Any CPU
	EndGlobalSection
	GlobalSection(SolutionProperties) = preSolution
		HideSolutionNode = FALSE
	EndGlobalSection
	GlobalSection(ExtensibilityGlobals) = postSolution
		SolutionGuid = {74CB36D7-6709-4F5B-9845-B818E4DEF8D9}
	EndGlobalSection
EndGlobal
